
Microsoft Visual Studio Solution File, Format Version 12.00
# Visual Studio Version 17
VisualStudioVersion = 17.2.32630.192
MinimumVisualStudioVersion = 10.0.40219.1
Project("{FAE04EC0-301F-11D3-BF4B-00C04F79EFBC}") = "DemoEFCore6", "DemoEFCore6\DemoEFCore6.csproj", "{700E2D34-99ED-47B8-BE32-1239C3205CA1}"
EndProject
Global
	GlobalSection(SolutionConfigurationPlatforms) = preSolution
		Debug|Any CPU = Debug|Any CPU
		Release|Any CPU = Release|Any CPU
	EndGlobalSection
	GlobalSection(ProjectConfigurationPlatforms) = postSolution
		{700E2D34-99ED-47B8-BE32-1239C3205CA1}.Debug|Any CPU.ActiveCfg = Debug|Any CPU
		{700E2D34-99ED-47B8-BE32-1239C3205CA1}.Debug|Any CPU.Build.0 = Debug|Any CPU
		{700E2D34-99ED-47B8-BE32-1239C3205CA1}.Release|Any CPU.ActiveCfg = Release|Any CPU
		{700E2D34-99ED-47B8-BE32-1239C3205CA1}.Release|Any CPU.Build.0 = Release|Any CPU
	EndGlobalSection
	GlobalSection(SolutionProperties) = preSolution
		HideSolutionNode = FALSE
	EndGlobalSection
	GlobalSection(ExtensibilityGlobals) = postSolution
		SolutionGuid = {C1B05E5C-3F9A-4C6E-A989-EBAF6C3F36C2}
	EndGlobalSection
EndGlobal
