
Microsoft Visual Studio Solution File, Format Version 12.00
# Visual Studio Version 17
VisualStudioVersion = 17.2.32630.192
MinimumVisualStudioVersion = 10.0.40219.1
Project("{FAE04EC0-301F-11D3-BF4B-00C04F79EFBC}") = "EFCore6DemoMVC", "EFCore6DemoMVC\EFCore6DemoMVC.csproj", "{D3238E57-183A-43CD-BBA2-9F843C0D3E93}"
EndProject
Global
	GlobalSection(SolutionConfigurationPlatforms) = preSolution
		Debug|Any CPU = Debug|Any CPU
		Release|Any CPU = Release|Any CPU
	EndGlobalSection
	GlobalSection(ProjectConfigurationPlatforms) = postSolution
		{D3238E57-183A-43CD-BBA2-9F843C0D3E93}.Debug|Any CPU.ActiveCfg = Debug|Any CPU
		{D3238E57-183A-43CD-BBA2-9F843C0D3E93}.Debug|Any CPU.Build.0 = Debug|Any CPU
		{D3238E57-183A-43CD-BBA2-9F843C0D3E93}.Release|Any CPU.ActiveCfg = Release|Any CPU
		{D3238E57-183A-43CD-BBA2-9F843C0D3E93}.Release|Any CPU.Build.0 = Release|Any CPU
	EndGlobalSection
	GlobalSection(SolutionProperties) = preSolution
		HideSolutionNode = FALSE
	EndGlobalSection
	GlobalSection(ExtensibilityGlobals) = postSolution
		SolutionGuid = {0F0C39B0-6AF4-41E8-AC7D-F8092D1F22B2}
	EndGlobalSection
EndGlobal
